
Microsoft Visual Studio Solution File, Format Version 12.00
# Visual Studio 15
VisualStudioVersion = 15.0.27703.2018
MinimumVisualStudioVersion = 10.0.40219.1
Project("{FAE04EC0-301F-11D3-BF4B-00C04F79EFBC}") = "Example.FormsApp.Android", "Example.FormsApp\Example.FormsApp.Android\Example.FormsApp.Android.csproj", "{CF8A6265-0165-41ED-A332-D19776946CFC}"
EndProject
Project("{FAE04EC0-301F-11D3-BF4B-00C04F79EFBC}") = "Example.FormsApp.iOS", "Example.FormsApp\Example.FormsApp.iOS\Example.FormsApp.iOS.csproj", "{E8D70F35-72C9-4875-AAC9-E5FE6E3730A2}"
EndProject
Project("{FAE04EC0-301F-11D3-BF4B-00C04F79EFBC}") = "Example.FormsApp.UWP", "Example.FormsApp\Example.FormsApp.UWP\Example.FormsApp.UWP.csproj", "{90179007-9F04-47D1-BD0E-67624E3B2EB3}"
EndProject
Project("{9A19103F-16F7-4668-BE54-9A1E7A4F7556}") = "Example.FormsApp", "Example.FormsApp\Example.FormsApp\Example.FormsApp.csproj", "{2DB42C2C-D532-430F-ABEE-235CA6F6EFAE}"
EndProject
Project("{9A19103F-16F7-4668-BE54-9A1E7A4F7556}") = "Smart.Resolver", "..\Smart.Resolver\Smart.Resolver.csproj", "{BA8E104B-9266-4EDA-ACA9-DB0F297F32CE}"
EndProject
Project("{9A19103F-16F7-4668-BE54-9A1E7A4F7556}") = "Smart.Resolver.Xamarin", "..\Smart.Resolver.Xamarin\Smart.Resolver.Xamarin.csproj", "{FB817EF5-C2F1-493D-B65C-9596425BC6F3}"
EndProject
Global
	GlobalSection(SolutionConfigurationPlatforms) = preSolution
		Ad-Hoc|Any CPU = Ad-Hoc|Any CPU
		Ad-Hoc|ARM = Ad-Hoc|ARM
		Ad-Hoc|iPhone = Ad-Hoc|iPhone
		Ad-Hoc|iPhoneSimulator = Ad-Hoc|iPhoneSimulator
		Ad-Hoc|x64 = Ad-Hoc|x64
		Ad-Hoc|x86 = Ad-Hoc|x86
		AppStore|Any CPU = AppStore|Any CPU
		AppStore|ARM = AppStore|ARM
		AppStore|iPhone = AppStore|iPhone
		AppStore|iPhoneSimulator = AppStore|iPhoneSimulator
		AppStore|x64 = AppStore|x64
		AppStore|x86 = AppStore|x86
		Debug|Any CPU = Debug|Any CPU
		Debug|ARM = Debug|ARM
		Debug|iPhone = Debug|iPhone
		Debug|iPhoneSimulator = Debug|iPhoneSimulator
		Debug|x64 = Debug|x64
		Debug|x86 = Debug|x86
		Release|Any CPU = Release|Any CPU
		Release|ARM = Release|ARM
		Release|iPhone = Release|iPhone
		Release|iPhoneSimulator = Release|iPhoneSimulator
		Release|x64 = Release|x64
		Release|x86 = Release|x86
	EndGlobalSection
	GlobalSection(ProjectConfigurationPlatforms) = postSolution
		{CF8A6265-0165-41ED-A332-D19776946CFC}.Ad-Hoc|Any CPU.ActiveCfg = Release|Any CPU
		{CF8A6265-0165-41ED-A332-D19776946CFC}.Ad-Hoc|Any CPU.Build.0 = Release|Any CPU
		{CF8A6265-0165-41ED-A332-D19776946CFC}.Ad-Hoc|Any CPU.Deploy.0 = Release|Any CPU
		{CF8A6265-0165-41ED-A332-D19776946CFC}.Ad-Hoc|ARM.ActiveCfg = Release|Any CPU
		{CF8A6265-0165-41ED-A332-D19776946CFC}.Ad-Hoc|ARM.Build.0 = Release|Any CPU
		{CF8A6265-0165-41ED-A332-D19776946CFC}.Ad-Hoc|ARM.Deploy.0 = Release|Any CPU
		{CF8A6265-0165-41ED-A332-D19776946CFC}.Ad-Hoc|iPhone.ActiveCfg = Release|Any CPU
		{CF8A6265-0165-41ED-A332-D19776946CFC}.Ad-Hoc|iPhone.Build.0 = Release|Any CPU
		{CF8A6265-0165-41ED-A332-D19776946CFC}.Ad-Hoc|iPhone.Deploy.0 = Release|Any CPU
		{CF8A6265-0165-41ED-A332-D19776946CFC}.Ad-Hoc|iPhoneSimulator.ActiveCfg = Release|Any CPU
		{CF8A6265-0165-41ED-A332-D19776946CFC}.Ad-Hoc|iPhoneSimulator.Build.0 = Release|Any CPU
		{CF8A6265-0165-41ED-A332-D19776946CFC}.Ad-Hoc|iPhoneSimulator.Deploy.0 = Release|Any CPU
		{CF8A6265-0165-41ED-A332-D19776946CFC}.Ad-Hoc|x64.ActiveCfg = Release|Any CPU
		{CF8A6265-0165-41ED-A332-D19776946CFC}.Ad-Hoc|x64.Build.0 = Release|Any CPU
		{CF8A6265-0165-41ED-A332-D19776946CFC}.Ad-Hoc|x64.Deploy.0 = Release|Any CPU
		{CF8A6265-0165-41ED-A332-D19776946CFC}.Ad-Hoc|x86.ActiveCfg = Release|Any CPU
		{CF8A6265-0165-41ED-A332-D19776946CFC}.Ad-Hoc|x86.Build.0 = Release|Any CPU
		{CF8A6265-0165-41ED-A332-D19776946CFC}.Ad-Hoc|x86.Deploy.0 = Release|Any CPU
		{CF8A6265-0165-41ED-A332-D19776946CFC}.AppStore|Any CPU.ActiveCfg = Release|Any CPU
		{CF8A6265-0165-41ED-A332-D19776946CFC}.AppStore|Any CPU.Build.0 = Release|Any CPU
		{CF8A6265-0165-41ED-A332-D19776946CFC}.AppStore|Any CPU.Deploy.0 = Release|Any CPU
		{CF8A6265-0165-41ED-A332-D19776946CFC}.AppStore|ARM.ActiveCfg = Release|Any CPU
		{CF8A6265-0165-41ED-A332-D19776946CFC}.AppStore|ARM.Build.0 = Release|Any CPU
		{CF8A6265-0165-41ED-A332-D19776946CFC}.AppStore|ARM.Deploy.0 = Release|Any CPU
		{CF8A6265-0165-41ED-A332-D19776946CFC}.AppStore|iPhone.ActiveCfg = Release|Any CPU
		{CF8A6265-0165-41ED-A332-D19776946CFC}.AppStore|iPhone.Build.0 = Release|Any CPU
		{CF8A6265-0165-41ED-A332-D19776946CFC}.AppStore|iPhone.Deploy.0 = Release|Any CPU
		{CF8A6265-0165-41ED-A332-D19776946CFC}.AppStore|iPhoneSimulator.ActiveCfg = Release|Any CPU
		{CF8A6265-0165-41ED-A332-D19776946CFC}.AppStore|iPhoneSimulator.Build.0 = Release|Any CPU
		{CF8A6265-0165-41ED-A332-D19776946CFC}.AppStore|iPhoneSimulator.Deploy.0 = Release|Any CPU
		{CF8A6265-0165-41ED-A332-D19776946CFC}.AppStore|x64.ActiveCfg = Release|Any CPU
		{CF8A6265-0165-41ED-A332-D19776946CFC}.AppStore|x64.Build.0 = Release|Any CPU
		{CF8A6265-0165-41ED-A332-D19776946CFC}.AppStore|x64.Deploy.0 = Release|Any CPU
		{CF8A6265-0165-41ED-A332-D19776946CFC}.AppStore|x86.ActiveCfg = Release|Any CPU
		{CF8A6265-0165-41ED-A332-D19776946CFC}.AppStore|x86.Build.0 = Release|Any CPU
		{CF8A6265-0165-41ED-A332-D19776946CFC}.AppStore|x86.Deploy.0 = Release|Any CPU
		{CF8A6265-0165-41ED-A332-D19776946CFC}.Debug|Any CPU.ActiveCfg = Debug|Any CPU
		{CF8A6265-0165-41ED-A332-D19776946CFC}.Debug|Any CPU.Build.0 = Debug|Any CPU
		{CF8A6265-0165-41ED-A332-D19776946CFC}.Debug|Any CPU.Deploy.0 = Debug|Any CPU
		{CF8A6265-0165-41ED-A332-D19776946CFC}.Debug|ARM.ActiveCfg = Debug|Any CPU
		{CF8A6265-0165-41ED-A332-D19776946CFC}.Debug|ARM.Build.0 = Debug|Any CPU
		{CF8A6265-0165-41ED-A332-D19776946CFC}.Debug|ARM.Deploy.0 = Debug|Any CPU
		{CF8A6265-0165-41ED-A332-D19776946CFC}.Debug|iPhone.ActiveCfg = Debug|Any CPU
		{CF8A6265-0165-41ED-A332-D19776946CFC}.Debug|iPhone.Build.0 = Debug|Any CPU
		{CF8A6265-0165-41ED-A332-D19776946CFC}.Debug|iPhone.Deploy.0 = Debug|Any CPU
		{CF8A6265-0165-41ED-A332-D19776946CFC}.Debug|iPhoneSimulator.ActiveCfg = Debug|Any CPU
		{CF8A6265-0165-41ED-A332-D19776946CFC}.Debug|iPhoneSimulator.Build.0 = Debug|Any CPU
		{CF8A6265-0165-41ED-A332-D19776946CFC}.Debug|iPhoneSimulator.Deploy.0 = Debug|Any CPU
		{CF8A6265-0165-41ED-A332-D19776946CFC}.Debug|x64.ActiveCfg = Debug|Any CPU
		{CF8A6265-0165-41ED-A332-D19776946CFC}.Debug|x64.Build.0 = Debug|Any CPU
		{CF8A6265-0165-41ED-A332-D19776946CFC}.Debug|x64.Deploy.0 = Debug|Any CPU
		{CF8A6265-0165-41ED-A332-D19776946CFC}.Debug|x86.ActiveCfg = Debug|Any CPU
		{CF8A6265-0165-41ED-A332-D19776946CFC}.Debug|x86.Build.0 = Debug|Any CPU
		{CF8A6265-0165-41ED-A332-D19776946CFC}.Debug|x86.Deploy.0 = Debug|Any CPU
		{CF8A6265-0165-41ED-A332-D19776946CFC}.Release|Any CPU.ActiveCfg = Release|Any CPU
		{CF8A6265-0165-41ED-A332-D19776946CFC}.Release|Any CPU.Build.0 = Release|Any CPU
		{CF8A6265-0165-41ED-A332-D19776946CFC}.Release|Any CPU.Deploy.0 = Release|Any CPU
		{CF8A6265-0165-41ED-A332-D19776946CFC}.Release|ARM.ActiveCfg = Release|Any CPU
		{CF8A6265-0165-41ED-A332-D19776946CFC}.Release|ARM.Build.0 = Release|Any CPU
		{CF8A6265-0165-41ED-A332-D19776946CFC}.Release|ARM.Deploy.0 = Release|Any CPU
		{CF8A6265-0165-41ED-A332-D19776946CFC}.Release|iPhone.ActiveCfg = Release|Any CPU
		{CF8A6265-0165-41ED-A332-D19776946CFC}.Release|iPhone.Build.0 = Release|Any CPU
		{CF8A6265-0165-41ED-A332-D19776946CFC}.Release|iPhone.Deploy.0 = Release|Any CPU
		{CF8A6265-0165-41ED-A332-D19776946CFC}.Release|iPhoneSimulator.ActiveCfg = Release|Any CPU
		{CF8A6265-0165-41ED-A332-D19776946CFC}.Release|iPhoneSimulator.Build.0 = Release|Any CPU
		{CF8A6265-0165-41ED-A332-D19776946CFC}.Release|iPhoneSimulator.Deploy.0 = Release|Any CPU
		{CF8A6265-0165-41ED-A332-D19776946CFC}.Release|x64.ActiveCfg = Release|Any CPU
		{CF8A6265-0165-41ED-A332-D19776946CFC}.Release|x64.Build.0 = Release|Any CPU
		{CF8A6265-0165-41ED-A332-D19776946CFC}.Release|x64.Deploy.0 = Release|Any CPU
		{CF8A6265-0165-41ED-A332-D19776946CFC}.Release|x86.ActiveCfg = Release|Any CPU
		{CF8A6265-0165-41ED-A332-D19776946CFC}.Release|x86.Build.0 = Release|Any CPU
		{CF8A6265-0165-41ED-A332-D19776946CFC}.Release|x86.Deploy.0 = Release|Any CPU
		{E8D70F35-72C9-4875-AAC9-E5FE6E3730A2}.Ad-Hoc|Any CPU.ActiveCfg = Ad-Hoc|iPhone
		{E8D70F35-72C9-4875-AAC9-E5FE6E3730A2}.Ad-Hoc|Any CPU.Build.0 = Ad-Hoc|iPhone
		{E8D70F35-72C9-4875-AAC9-E5FE6E3730A2}.Ad-Hoc|Any CPU.Deploy.0 = Ad-Hoc|iPhone
		{E8D70F35-72C9-4875-AAC9-E5FE6E3730A2}.Ad-Hoc|ARM.ActiveCfg = Ad-Hoc|iPhone
		{E8D70F35-72C9-4875-AAC9-E5FE6E3730A2}.Ad-Hoc|ARM.Build.0 = Ad-Hoc|iPhone
		{E8D70F35-72C9-4875-AAC9-E5FE6E3730A2}.Ad-Hoc|ARM.Deploy.0 = Ad-Hoc|iPhone
		{E8D70F35-72C9-4875-AAC9-E5FE6E3730A2}.Ad-Hoc|iPhone.ActiveCfg = Ad-Hoc|iPhone
		{E8D70F35-72C9-4875-AAC9-E5FE6E3730A2}.Ad-Hoc|iPhone.Build.0 = Ad-Hoc|iPhone
		{E8D70F35-72C9-4875-AAC9-E5FE6E3730A2}.Ad-Hoc|iPhone.Deploy.0 = Ad-Hoc|iPhone
		{E8D70F35-72C9-4875-AAC9-E5FE6E3730A2}.Ad-Hoc|iPhoneSimulator.ActiveCfg = Ad-Hoc|iPhoneSimulator
		{E8D70F35-72C9-4875-AAC9-E5FE6E3730A2}.Ad-Hoc|iPhoneSimulator.Build.0 = Ad-Hoc|iPhoneSimulator
		{E8D70F35-72C9-4875-AAC9-E5FE6E3730A2}.Ad-Hoc|iPhoneSimulator.Deploy.0 = Ad-Hoc|iPhoneSimulator
		{E8D70F35-72C9-4875-AAC9-E5FE6E3730A2}.Ad-Hoc|x64.ActiveCfg = Ad-Hoc|iPhone
		{E8D70F35-72C9-4875-AAC9-E5FE6E3730A2}.Ad-Hoc|x64.Build.0 = Ad-Hoc|iPhone
		{E8D70F35-72C9-4875-AAC9-E5FE6E3730A2}.Ad-Hoc|x64.Deploy.0 = Ad-Hoc|iPhone
		{E8D70F35-72C9-4875-AAC9-E5FE6E3730A2}.Ad-Hoc|x86.ActiveCfg = Ad-Hoc|iPhone
		{E8D70F35-72C9-4875-AAC9-E5FE6E3730A2}.Ad-Hoc|x86.Build.0 = Ad-Hoc|iPhone
		{E8D70F35-72C9-4875-AAC9-E5FE6E3730A2}.Ad-Hoc|x86.Deploy.0 = Ad-Hoc|iPhone
		{E8D70F35-72C9-4875-AAC9-E5FE6E3730A2}.AppStore|Any CPU.ActiveCfg = AppStore|iPhone
		{E8D70F35-72C9-4875-AAC9-E5FE6E3730A2}.AppStore|Any CPU.Build.0 = AppStore|iPhone
		{E8D70F35-72C9-4875-AAC9-E5FE6E3730A2}.AppStore|Any CPU.Deploy.0 = AppStore|iPhone
		{E8D70F35-72C9-4875-AAC9-E5FE6E3730A2}.AppStore|ARM.ActiveCfg = AppStore|iPhone
		{E8D70F35-72C9-4875-AAC9-E5FE6E3730A2}.AppStore|ARM.Build.0 = AppStore|iPhone
		{E8D70F35-72C9-4875-AAC9-E5FE6E3730A2}.AppStore|ARM.Deploy.0 = AppStore|iPhone
		{E8D70F35-72C9-4875-AAC9-E5FE6E3730A2}.AppStore|iPhone.ActiveCfg = AppStore|iPhone
		{E8D70F35-72C9-4875-AAC9-E5FE6E3730A2}.AppStore|iPhone.Build.0 = AppStore|iPhone
		{E8D70F35-72C9-4875-AAC9-E5FE6E3730A2}.AppStore|iPhone.Deploy.0 = AppStore|iPhone
		{E8D70F35-72C9-4875-AAC9-E5FE6E3730A2}.AppStore|iPhoneSimulator.ActiveCfg = AppStore|iPhoneSimulator
		{E8D70F35-72C9-4875-AAC9-E5FE6E3730A2}.AppStore|iPhoneSimulator.Build.0 = AppStore|iPhoneSimulator
		{E8D70F35-72C9-4875-AAC9-E5FE6E3730A2}.AppStore|iPhoneSimulator.Deploy.0 = AppStore|iPhoneSimulator
		{E8D70F35-72C9-4875-AAC9-E5FE6E3730A2}.AppStore|x64.ActiveCfg = AppStore|iPhone
		{E8D70F35-72C9-4875-AAC9-E5FE6E3730A2}.AppStore|x64.Build.0 = AppStore|iPhone
		{E8D70F35-72C9-4875-AAC9-E5FE6E3730A2}.AppStore|x64.Deploy.0 = AppStore|iPhone
		{E8D70F35-72C9-4875-AAC9-E5FE6E3730A2}.AppStore|x86.ActiveCfg = AppStore|iPhone
		{E8D70F35-72C9-4875-AAC9-E5FE6E3730A2}.AppStore|x86.Build.0 = AppStore|iPhone
		{E8D70F35-72C9-4875-AAC9-E5FE6E3730A2}.AppStore|x86.Deploy.0 = AppStore|iPhone
		{E8D70F35-72C9-4875-AAC9-E5FE6E3730A2}.Debug|Any CPU.ActiveCfg = Debug|iPhoneSimulator
		{E8D70F35-72C9-4875-AAC9-E5FE6E3730A2}.Debug|Any CPU.Build.0 = Debug|iPhoneSimulator
		{E8D70F35-72C9-4875-AAC9-E5FE6E3730A2}.Debug|Any CPU.Deploy.0 = Debug|iPhoneSimulator
		{E8D70F35-72C9-4875-AAC9-E5FE6E3730A2}.Debug|ARM.ActiveCfg = Debug|iPhone
		{E8D70F35-72C9-4875-AAC9-E5FE6E3730A2}.Debug|ARM.Build.0 = Debug|iPhone
		{E8D70F35-72C9-4875-AAC9-E5FE6E3730A2}.Debug|ARM.Deploy.0 = Debug|iPhone
		{E8D70F35-72C9-4875-AAC9-E5FE6E3730A2}.Debug|iPhone.ActiveCfg = Debug|iPhone
		{E8D70F35-72C9-4875-AAC9-E5FE6E3730A2}.Debug|iPhone.Build.0 = Debug|iPhone
		{E8D70F35-72C9-4875-AAC9-E5FE6E3730A2}.Debug|iPhone.Deploy.0 = Debug|iPhone
		{E8D70F35-72C9-4875-AAC9-E5FE6E3730A2}.Debug|iPhoneSimulator.ActiveCfg = Debug|iPhoneSimulator
		{E8D70F35-72C9-4875-AAC9-E5FE6E3730A2}.Debug|iPhoneSimulator.Build.0 = Debug|iPhoneSimulator
		{E8D70F35-72C9-4875-AAC9-E5FE6E3730A2}.Debug|iPhoneSimulator.Deploy.0 = Debug|iPhoneSimulator
		{E8D70F35-72C9-4875-AAC9-E5FE6E3730A2}.Debug|x64.ActiveCfg = Debug|iPhone
		{E8D70F35-72C9-4875-AAC9-E5FE6E3730A2}.Debug|x64.Build.0 = Debug|iPhone
		{E8D70F35-72C9-4875-AAC9-E5FE6E3730A2}.Debug|x64.Deploy.0 = Debug|iPhone
		{E8D70F35-72C9-4875-AAC9-E5FE6E3730A2}.Debug|x86.ActiveCfg = Debug|iPhone
		{E8D70F35-72C9-4875-AAC9-E5FE6E3730A2}.Debug|x86.Build.0 = Debug|iPhone
		{E8D70F35-72C9-4875-AAC9-E5FE6E3730A2}.Debug|x86.Deploy.0 = Debug|iPhone
		{E8D70F35-72C9-4875-AAC9-E5FE6E3730A2}.Release|Any CPU.ActiveCfg = Release|iPhone
		{E8D70F35-72C9-4875-AAC9-E5FE6E3730A2}.Release|Any CPU.Build.0 = Release|iPhone
		{E8D70F35-72C9-4875-AAC9-E5FE6E3730A2}.Release|Any CPU.Deploy.0 = Release|iPhone
		{E8D70F35-72C9-4875-AAC9-E5FE6E3730A2}.Release|ARM.ActiveCfg = Release|iPhone
		{E8D70F35-72C9-4875-AAC9-E5FE6E3730A2}.Release|ARM.Build.0 = Release|iPhone
		{E8D70F35-72C9-4875-AAC9-E5FE6E3730A2}.Release|ARM.Deploy.0 = Release|iPhone
		{E8D70F35-72C9-4875-AAC9-E5FE6E3730A2}.Release|iPhone.ActiveCfg = Release|iPhone
		{E8D70F35-72C9-4875-AAC9-E5FE6E3730A2}.Release|iPhone.Build.0 = Release|iPhone
		{E8D70F35-72C9-4875-AAC9-E5FE6E3730A2}.Release|iPhone.Deploy.0 = Release|iPhone
		{E8D70F35-72C9-4875-AAC9-E5FE6E3730A2}.Release|iPhoneSimulator.ActiveCfg = Release|iPhoneSimulator
		{E8D70F35-72C9-4875-AAC9-E5FE6E3730A2}.Release|iPhoneSimulator.Build.0 = Release|iPhoneSimulator
		{E8D70F35-72C9-4875-AAC9-E5FE6E3730A2}.Release|iPhoneSimulator.Deploy.0 = Release|iPhoneSimulator
		{E8D70F35-72C9-4875-AAC9-E5FE6E3730A2}.Release|x64.ActiveCfg = Release|iPhone
		{E8D70F35-72C9-4875-AAC9-E5FE6E3730A2}.Release|x64.Build.0 = Release|iPhone
		{E8D70F35-72C9-4875-AAC9-E5FE6E3730A2}.Release|x64.Deploy.0 = Release|iPhone
		{E8D70F35-72C9-4875-AAC9-E5FE6E3730A2}.Release|x86.ActiveCfg = Release|iPhone
		{E8D70F35-72C9-4875-AAC9-E5FE6E3730A2}.Release|x86.Build.0 = Release|iPhone
		{E8D70F35-72C9-4875-AAC9-E5FE6E3730A2}.Release|x86.Deploy.0 = Release|iPhone
		{90179007-9F04-47D1-BD0E-67624E3B2EB3}.Ad-Hoc|Any CPU.ActiveCfg = Release|x86
		{90179007-9F04-47D1-BD0E-67624E3B2EB3}.Ad-Hoc|Any CPU.Build.0 = Release|x86
		{90179007-9F04-47D1-BD0E-67624E3B2EB3}.Ad-Hoc|Any CPU.Deploy.0 = Release|x86
		{90179007-9F04-47D1-BD0E-67624E3B2EB3}.Ad-Hoc|ARM.ActiveCfg = Release|ARM
		{90179007-9F04-47D1-BD0E-67624E3B2EB3}.Ad-Hoc|ARM.Build.0 = Release|ARM
		{90179007-9F04-47D1-BD0E-67624E3B2EB3}.Ad-Hoc|ARM.Deploy.0 = Release|ARM
		{90179007-9F04-47D1-BD0E-67624E3B2EB3}.Ad-Hoc|iPhone.ActiveCfg = Release|x86
		{90179007-9F04-47D1-BD0E-67624E3B2EB3}.Ad-Hoc|iPhone.Build.0 = Release|x86
		{90179007-9F04-47D1-BD0E-67624E3B2EB3}.Ad-Hoc|iPhone.Deploy.0 = Release|x86
		{90179007-9F04-47D1-BD0E-67624E3B2EB3}.Ad-Hoc|iPhoneSimulator.ActiveCfg = Release|x86
		{90179007-9F04-47D1-BD0E-67624E3B2EB3}.Ad-Hoc|iPhoneSimulator.Build.0 = Release|x86
		{90179007-9F04-47D1-BD0E-67624E3B2EB3}.Ad-Hoc|iPhoneSimulator.Deploy.0 = Release|x86
		{90179007-9F04-47D1-BD0E-67624E3B2EB3}.Ad-Hoc|x64.ActiveCfg = Release|x64
		{90179007-9F04-47D1-BD0E-67624E3B2EB3}.Ad-Hoc|x64.Build.0 = Release|x64
		{90179007-9F04-47D1-BD0E-67624E3B2EB3}.Ad-Hoc|x64.Deploy.0 = Release|x64
		{90179007-9F04-47D1-BD0E-67624E3B2EB3}.Ad-Hoc|x86.ActiveCfg = Release|x86
		{90179007-9F04-47D1-BD0E-67624E3B2EB3}.Ad-Hoc|x86.Build.0 = Release|x86
		{90179007-9F04-47D1-BD0E-67624E3B2EB3}.Ad-Hoc|x86.Deploy.0 = Release|x86
		{90179007-9F04-47D1-BD0E-67624E3B2EB3}.AppStore|Any CPU.ActiveCfg = Release|x86
		{90179007-9F04-47D1-BD0E-67624E3B2EB3}.AppStore|Any CPU.Build.0 = Release|x86
		{90179007-9F04-47D1-BD0E-67624E3B2EB3}.AppStore|Any CPU.Deploy.0 = Release|x86
		{90179007-9F04-47D1-BD0E-67624E3B2EB3}.AppStore|ARM.ActiveCfg = Release|ARM
		{90179007-9F04-47D1-BD0E-67624E3B2EB3}.AppStore|ARM.Build.0 = Release|ARM
		{90179007-9F04-47D1-BD0E-67624E3B2EB3}.AppStore|ARM.Deploy.0 = Release|ARM
		{90179007-9F04-47D1-BD0E-67624E3B2EB3}.AppStore|iPhone.ActiveCfg = Release|x86
		{90179007-9F04-47D1-BD0E-67624E3B2EB3}.AppStore|iPhone.Build.0 = Release|x86
		{90179007-9F04-47D1-BD0E-67624E3B2EB3}.AppStore|iPhone.Deploy.0 = Release|x86
		{90179007-9F04-47D1-BD0E-67624E3B2EB3}.AppStore|iPhoneSimulator.ActiveCfg = Release|x86
		{90179007-9F04-47D1-BD0E-67624E3B2EB3}.AppStore|iPhoneSimulator.Build.0 = Release|x86
		{90179007-9F04-47D1-BD0E-67624E3B2EB3}.AppStore|iPhoneSimulator.Deploy.0 = Release|x86
		{90179007-9F04-47D1-BD0E-67624E3B2EB3}.AppStore|x64.ActiveCfg = Release|x64
		{90179007-9F04-47D1-BD0E-67624E3B2EB3}.AppStore|x64.Build.0 = Release|x64
		{90179007-9F04-47D1-BD0E-67624E3B2EB3}.AppStore|x64.Deploy.0 = Release|x64
		{90179007-9F04-47D1-BD0E-67624E3B2EB3}.AppStore|x86.ActiveCfg = Release|x86
		{90179007-9F04-47D1-BD0E-67624E3B2EB3}.AppStore|x86.Build.0 = Release|x86
		{90179007-9F04-47D1-BD0E-67624E3B2EB3}.AppStore|x86.Deploy.0 = Release|x86
		{90179007-9F04-47D1-BD0E-67624E3B2EB3}.Debug|Any CPU.ActiveCfg = Debug|x86
		{90179007-9F04-47D1-BD0E-67624E3B2EB3}.Debug|Any CPU.Build.0 = Debug|x86
		{90179007-9F04-47D1-BD0E-67624E3B2EB3}.Debug|Any CPU.Deploy.0 = Debug|x86
		{90179007-9F04-47D1-BD0E-67624E3B2EB3}.Debug|ARM.ActiveCfg = Debug|ARM
		{90179007-9F04-47D1-BD0E-67624E3B2EB3}.Debug|ARM.Build.0 = Debug|ARM
		{90179007-9F04-47D1-BD0E-67624E3B2EB3}.Debug|ARM.Deploy.0 = Debug|ARM
		{90179007-9F04-47D1-BD0E-67624E3B2EB3}.Debug|iPhone.ActiveCfg = Debug|x86
		{90179007-9F04-47D1-BD0E-67624E3B2EB3}.Debug|iPhone.Build.0 = Debug|x86
		{90179007-9F04-47D1-BD0E-67624E3B2EB3}.Debug|iPhone.Deploy.0 = Debug|x86
		{90179007-9F04-47D1-BD0E-67624E3B2EB3}.Debug|iPhoneSimulator.ActiveCfg = Debug|x86
		{90179007-9F04-47D1-BD0E-67624E3B2EB3}.Debug|iPhoneSimulator.Build.0 = Debug|x86
		{90179007-9F04-47D1-BD0E-67624E3B2EB3}.Debug|iPhoneSimulator.Deploy.0 = Debug|x86
		{90179007-9F04-47D1-BD0E-67624E3B2EB3}.Debug|x64.ActiveCfg = Debug|x64
		{90179007-9F04-47D1-BD0E-67624E3B2EB3}.Debug|x64.Build.0 = Debug|x64
		{90179007-9F04-47D1-BD0E-67624E3B2EB3}.Debug|x64.Deploy.0 = Debug|x64
		{90179007-9F04-47D1-BD0E-67624E3B2EB3}.Debug|x86.ActiveCfg = Debug|x86
		{90179007-9F04-47D1-BD0E-67624E3B2EB3}.Debug|x86.Build.0 = Debug|x86
		{90179007-9F04-47D1-BD0E-67624E3B2EB3}.Debug|x86.Deploy.0 = Debug|x86
		{90179007-9F04-47D1-BD0E-67624E3B2EB3}.Release|Any CPU.ActiveCfg = Release|x86
		{90179007-9F04-47D1-BD0E-67624E3B2EB3}.Release|Any CPU.Build.0 = Release|x86
		{90179007-9F04-47D1-BD0E-67624E3B2EB3}.Release|Any CPU.Deploy.0 = Release|x86
		{90179007-9F04-47D1-BD0E-67624E3B2EB3}.Release|ARM.ActiveCfg = Release|ARM
		{90179007-9F04-47D1-BD0E-67624E3B2EB3}.Release|ARM.Build.0 = Release|ARM
		{90179007-9F04-47D1-BD0E-67624E3B2EB3}.Release|ARM.Deploy.0 = Release|ARM
		{90179007-9F04-47D1-BD0E-67624E3B2EB3}.Release|iPhone.ActiveCfg = Release|x86
		{90179007-9F04-47D1-BD0E-67624E3B2EB3}.Release|iPhone.Build.0 = Release|x86
		{90179007-9F04-47D1-BD0E-67624E3B2EB3}.Release|iPhone.Deploy.0 = Release|x86
		{90179007-9F04-47D1-BD0E-67624E3B2EB3}.Release|iPhoneSimulator.ActiveCfg = Release|x86
		{90179007-9F04-47D1-BD0E-67624E3B2EB3}.Release|iPhoneSimulator.Build.0 = Release|x86
		{90179007-9F04-47D1-BD0E-67624E3B2EB3}.Release|iPhoneSimulator.Deploy.0 = Release|x86
		{90179007-9F04-47D1-BD0E-67624E3B2EB3}.Release|x64.ActiveCfg = Release|x64
		{90179007-9F04-47D1-BD0E-67624E3B2EB3}.Release|x64.Build.0 = Release|x64
		{90179007-9F04-47D1-BD0E-67624E3B2EB3}.Release|x64.Deploy.0 = Release|x64
		{90179007-9F04-47D1-BD0E-67624E3B2EB3}.Release|x86.ActiveCfg = Release|x86
		{90179007-9F04-47D1-BD0E-67624E3B2EB3}.Release|x86.Build.0 = Release|x86
		{90179007-9F04-47D1-BD0E-67624E3B2EB3}.Release|x86.Deploy.0 = Release|x86
		{2DB42C2C-D532-430F-ABEE-235CA6F6EFAE}.Ad-Hoc|Any CPU.ActiveCfg = Debug|Any CPU
		{2DB42C2C-D532-430F-ABEE-235CA6F6EFAE}.Ad-Hoc|Any CPU.Build.0 = Debug|Any CPU
		{2DB42C2C-D532-430F-ABEE-235CA6F6EFAE}.Ad-Hoc|Any CPU.Deploy.0 = Debug|Any CPU
		{2DB42C2C-D532-430F-ABEE-235CA6F6EFAE}.Ad-Hoc|ARM.ActiveCfg = Debug|Any CPU
		{2DB42C2C-D532-430F-ABEE-235CA6F6EFAE}.Ad-Hoc|ARM.Build.0 = Debug|Any CPU
		{2DB42C2C-D532-430F-ABEE-235CA6F6EFAE}.Ad-Hoc|ARM.Deploy.0 = Debug|Any CPU
		{2DB42C2C-D532-430F-ABEE-235CA6F6EFAE}.Ad-Hoc|iPhone.ActiveCfg = Debug|Any CPU
		{2DB42C2C-D532-430F-ABEE-235CA6F6EFAE}.Ad-Hoc|iPhone.Build.0 = Debug|Any CPU
		{2DB42C2C-D532-430F-ABEE-235CA6F6EFAE}.Ad-Hoc|iPhone.Deploy.0 = Debug|Any CPU
		{2DB42C2C-D532-430F-ABEE-235CA6F6EFAE}.Ad-Hoc|iPhoneSimulator.ActiveCfg = Debug|Any CPU
		{2DB42C2C-D532-430F-ABEE-235CA6F6EFAE}.Ad-Hoc|iPhoneSimulator.Build.0 = Debug|Any CPU
		{2DB42C2C-D532-430F-ABEE-235CA6F6EFAE}.Ad-Hoc|iPhoneSimulator.Deploy.0 = Debug|Any CPU
		{2DB42C2C-D532-430F-ABEE-235CA6F6EFAE}.Ad-Hoc|x64.ActiveCfg = Debug|Any CPU
		{2DB42C2C-D532-430F-ABEE-235CA6F6EFAE}.Ad-Hoc|x64.Build.0 = Debug|Any CPU
		{2DB42C2C-D532-430F-ABEE-235CA6F6EFAE}.Ad-Hoc|x64.Deploy.0 = Debug|Any CPU
		{2DB42C2C-D532-430F-ABEE-235CA6F6EFAE}.Ad-Hoc|x86.ActiveCfg = Debug|Any CPU
		{2DB42C2C-D532-430F-ABEE-235CA6F6EFAE}.Ad-Hoc|x86.Build.0 = Debug|Any CPU
		{2DB42C2C-D532-430F-ABEE-235CA6F6EFAE}.Ad-Hoc|x86.Deploy.0 = Debug|Any CPU
		{2DB42C2C-D532-430F-ABEE-235CA6F6EFAE}.AppStore|Any CPU.ActiveCfg = Debug|Any CPU
		{2DB42C2C-D532-430F-ABEE-235CA6F6EFAE}.AppStore|Any CPU.Build.0 = Debug|Any CPU
		{2DB42C2C-D532-430F-ABEE-235CA6F6EFAE}.AppStore|Any CPU.Deploy.0 = Debug|Any CPU
		{2DB42C2C-D532-430F-ABEE-235CA6F6EFAE}.AppStore|ARM.ActiveCfg = Debug|Any CPU
		{2DB42C2C-D532-430F-ABEE-235CA6F6EFAE}.AppStore|ARM.Build.0 = Debug|Any CPU
		{2DB42C2C-D532-430F-ABEE-235CA6F6EFAE}.AppStore|ARM.Deploy.0 = Debug|Any CPU
		{2DB42C2C-D532-430F-ABEE-235CA6F6EFAE}.AppStore|iPhone.ActiveCfg = Debug|Any CPU
		{2DB42C2C-D532-430F-ABEE-235CA6F6EFAE}.AppStore|iPhone.Build.0 = Debug|Any CPU
		{2DB42C2C-D532-430F-ABEE-235CA6F6EFAE}.AppStore|iPhone.Deploy.0 = Debug|Any CPU
		{2DB42C2C-D532-430F-ABEE-235CA6F6EFAE}.AppStore|iPhoneSimulator.ActiveCfg = Debug|Any CPU
		{2DB42C2C-D532-430F-ABEE-235CA6F6EFAE}.AppStore|iPhoneSimulator.Build.0 = Debug|Any CPU
		{2DB42C2C-D532-430F-ABEE-235CA6F6EFAE}.AppStore|iPhoneSimulator.Deploy.0 = Debug|Any CPU
		{2DB42C2C-D532-430F-ABEE-235CA6F6EFAE}.AppStore|x64.ActiveCfg = Debug|Any CPU
		{2DB42C2C-D532-430F-ABEE-235CA6F6EFAE}.AppStore|x64.Build.0 = Debug|Any CPU
		{2DB42C2C-D532-430F-ABEE-235CA6F6EFAE}.AppStore|x64.Deploy.0 = Debug|Any CPU
		{2DB42C2C-D532-430F-ABEE-235CA6F6EFAE}.AppStore|x86.ActiveCfg = Debug|Any CPU
		{2DB42C2C-D532-430F-ABEE-235CA6F6EFAE}.AppStore|x86.Build.0 = Debug|Any CPU
		{2DB42C2C-D532-430F-ABEE-235CA6F6EFAE}.AppStore|x86.Deploy.0 = Debug|Any CPU
		{2DB42C2C-D532-430F-ABEE-235CA6F6EFAE}.Debug|Any CPU.ActiveCfg = Debug|Any CPU
		{2DB42C2C-D532-430F-ABEE-235CA6F6EFAE}.Debug|Any CPU.Build.0 = Debug|Any CPU
		{2DB42C2C-D532-430F-ABEE-235CA6F6EFAE}.Debug|Any CPU.Deploy.0 = Debug|Any CPU
		{2DB42C2C-D532-430F-ABEE-235CA6F6EFAE}.Debug|ARM.ActiveCfg = Debug|Any CPU
		{2DB42C2C-D532-430F-ABEE-235CA6F6EFAE}.Debug|ARM.Build.0 = Debug|Any CPU
		{2DB42C2C-D532-430F-ABEE-235CA6F6EFAE}.Debug|ARM.Deploy.0 = Debug|Any CPU
		{2DB42C2C-D532-430F-ABEE-235CA6F6EFAE}.Debug|iPhone.ActiveCfg = Debug|Any CPU
		{2DB42C2C-D532-430F-ABEE-235CA6F6EFAE}.Debug|iPhone.Build.0 = Debug|Any CPU
		{2DB42C2C-D532-430F-ABEE-235CA6F6EFAE}.Debug|iPhone.Deploy.0 = Debug|Any CPU
		{2DB42C2C-D532-430F-ABEE-235CA6F6EFAE}.Debug|iPhoneSimulator.ActiveCfg = Debug|Any CPU
		{2DB42C2C-D532-430F-ABEE-235CA6F6EFAE}.Debug|iPhoneSimulator.Build.0 = Debug|Any CPU
		{2DB42C2C-D532-430F-ABEE-235CA6F6EFAE}.Debug|iPhoneSimulator.Deploy.0 = Debug|Any CPU
		{2DB42C2C-D532-430F-ABEE-235CA6F6EFAE}.Debug|x64.ActiveCfg = Debug|Any CPU
		{2DB42C2C-D532-430F-ABEE-235CA6F6EFAE}.Debug|x64.Build.0 = Debug|Any CPU
		{2DB42C2C-D532-430F-ABEE-235CA6F6EFAE}.Debug|x64.Deploy.0 = Debug|Any CPU
		{2DB42C2C-D532-430F-ABEE-235CA6F6EFAE}.Debug|x86.ActiveCfg = Debug|Any CPU
		{2DB42C2C-D532-430F-ABEE-235CA6F6EFAE}.Debug|x86.Build.0 = Debug|Any CPU
		{2DB42C2C-D532-430F-ABEE-235CA6F6EFAE}.Debug|x86.Deploy.0 = Debug|Any CPU
		{2DB42C2C-D532-430F-ABEE-235CA6F6EFAE}.Release|Any CPU.ActiveCfg = Release|Any CPU
		{2DB42C2C-D532-430F-ABEE-235CA6F6EFAE}.Release|Any CPU.Build.0 = Release|Any CPU
		{2DB42C2C-D532-430F-ABEE-235CA6F6EFAE}.Release|Any CPU.Deploy.0 = Release|Any CPU
		{2DB42C2C-D532-430F-ABEE-235CA6F6EFAE}.Release|ARM.ActiveCfg = Release|Any CPU
		{2DB42C2C-D532-430F-ABEE-235CA6F6EFAE}.Release|ARM.Build.0 = Release|Any CPU
		{2DB42C2C-D532-430F-ABEE-235CA6F6EFAE}.Release|ARM.Deploy.0 = Release|Any CPU
		{2DB42C2C-D532-430F-ABEE-235CA6F6EFAE}.Release|iPhone.ActiveCfg = Release|Any CPU
		{2DB42C2C-D532-430F-ABEE-235CA6F6EFAE}.Release|iPhone.Build.0 = Release|Any CPU
		{2DB42C2C-D532-430F-ABEE-235CA6F6EFAE}.Release|iPhone.Deploy.0 = Release|Any CPU
		{2DB42C2C-D532-430F-ABEE-235CA6F6EFAE}.Release|iPhoneSimulator.ActiveCfg = Release|Any CPU
		{2DB42C2C-D532-430F-ABEE-235CA6F6EFAE}.Release|iPhoneSimulator.Build.0 = Release|Any CPU
		{2DB42C2C-D532-430F-ABEE-235CA6F6EFAE}.Release|iPhoneSimulator.Deploy.0 = Release|Any CPU
		{2DB42C2C-D532-430F-ABEE-235CA6F6EFAE}.Release|x64.ActiveCfg = Release|Any CPU
		{2DB42C2C-D532-430F-ABEE-235CA6F6EFAE}.Release|x64.Build.0 = Release|Any CPU
		{2DB42C2C-D532-430F-ABEE-235CA6F6EFAE}.Release|x64.Deploy.0 = Release|Any CPU
		{2DB42C2C-D532-430F-ABEE-235CA6F6EFAE}.Release|x86.ActiveCfg = Release|Any CPU
		{2DB42C2C-D532-430F-ABEE-235CA6F6EFAE}.Release|x86.Build.0 = Release|Any CPU
		{2DB42C2C-D532-430F-ABEE-235CA6F6EFAE}.Release|x86.Deploy.0 = Release|Any CPU
		{BA8E104B-9266-4EDA-ACA9-DB0F297F32CE}.Ad-Hoc|Any CPU.ActiveCfg = Debug|Any CPU
		{BA8E104B-9266-4EDA-ACA9-DB0F297F32CE}.Ad-Hoc|Any CPU.Build.0 = Debug|Any CPU
		{BA8E104B-9266-4EDA-ACA9-DB0F297F32CE}.Ad-Hoc|ARM.ActiveCfg = Debug|Any CPU
		{BA8E104B-9266-4EDA-ACA9-DB0F297F32CE}.Ad-Hoc|ARM.Build.0 = Debug|Any CPU
		{BA8E104B-9266-4EDA-ACA9-DB0F297F32CE}.Ad-Hoc|iPhone.ActiveCfg = Debug|Any CPU
		{BA8E104B-9266-4EDA-ACA9-DB0F297F32CE}.Ad-Hoc|iPhone.Build.0 = Debug|Any CPU
		{BA8E104B-9266-4EDA-ACA9-DB0F297F32CE}.Ad-Hoc|iPhoneSimulator.ActiveCfg = Debug|Any CPU
		{BA8E104B-9266-4EDA-ACA9-DB0F297F32CE}.Ad-Hoc|iPhoneSimulator.Build.0 = Debug|Any CPU
		{BA8E104B-9266-4EDA-ACA9-DB0F297F32CE}.Ad-Hoc|x64.ActiveCfg = Debug|Any CPU
		{BA8E104B-9266-4EDA-ACA9-DB0F297F32CE}.Ad-Hoc|x64.Build.0 = Debug|Any CPU
		{BA8E104B-9266-4EDA-ACA9-DB0F297F32CE}.Ad-Hoc|x86.ActiveCfg = Debug|Any CPU
		{BA8E104B-9266-4EDA-ACA9-DB0F297F32CE}.Ad-Hoc|x86.Build.0 = Debug|Any CPU
		{BA8E104B-9266-4EDA-ACA9-DB0F297F32CE}.AppStore|Any CPU.ActiveCfg = Debug|Any CPU
		{BA8E104B-9266-4EDA-ACA9-DB0F297F32CE}.AppStore|Any CPU.Build.0 = Debug|Any CPU
		{BA8E104B-9266-4EDA-ACA9-DB0F297F32CE}.AppStore|ARM.ActiveCfg = Debug|Any CPU
		{BA8E104B-9266-4EDA-ACA9-DB0F297F32CE}.AppStore|ARM.Build.0 = Debug|Any CPU
		{BA8E104B-9266-4EDA-ACA9-DB0F297F32CE}.AppStore|iPhone.ActiveCfg = Debug|Any CPU
		{BA8E104B-9266-4EDA-ACA9-DB0F297F32CE}.AppStore|iPhone.Build.0 = Debug|Any CPU
		{BA8E104B-9266-4EDA-ACA9-DB0F297F32CE}.AppStore|iPhoneSimulator.ActiveCfg = Debug|Any CPU
		{BA8E104B-9266-4EDA-ACA9-DB0F297F32CE}.AppStore|iPhoneSimulator.Build.0 = Debug|Any CPU
		{BA8E104B-9266-4EDA-ACA9-DB0F297F32CE}.AppStore|x64.ActiveCfg = Debug|Any CPU
		{BA8E104B-9266-4EDA-ACA9-DB0F297F32CE}.AppStore|x64.Build.0 = Debug|Any CPU
		{BA8E104B-9266-4EDA-ACA9-DB0F297F32CE}.AppStore|x86.ActiveCfg = Debug|Any CPU
		{BA8E104B-9266-4EDA-ACA9-DB0F297F32CE}.AppStore|x86.Build.0 = Debug|Any CPU
		{BA8E104B-9266-4EDA-ACA9-DB0F297F32CE}.Debug|Any CPU.ActiveCfg = Debug|Any CPU
		{BA8E104B-9266-4EDA-ACA9-DB0F297F32CE}.Debug|Any CPU.Build.0 = Debug|Any CPU
		{BA8E104B-9266-4EDA-ACA9-DB0F297F32CE}.Debug|ARM.ActiveCfg = Debug|Any CPU
		{BA8E104B-9266-4EDA-ACA9-DB0F297F32CE}.Debug|ARM.Build.0 = Debug|Any CPU
		{BA8E104B-9266-4EDA-ACA9-DB0F297F32CE}.Debug|iPhone.ActiveCfg = Debug|Any CPU
		{BA8E104B-9266-4EDA-ACA9-DB0F297F32CE}.Debug|iPhone.Build.0 = Debug|Any CPU
		{BA8E104B-9266-4EDA-ACA9-DB0F297F32CE}.Debug|iPhoneSimulator.ActiveCfg = Debug|Any CPU
		{BA8E104B-9266-4EDA-ACA9-DB0F297F32CE}.Debug|iPhoneSimulator.Build.0 = Debug|Any CPU
		{BA8E104B-9266-4EDA-ACA9-DB0F297F32CE}.Debug|x64.ActiveCfg = Debug|Any CPU
		{BA8E104B-9266-4EDA-ACA9-DB0F297F32CE}.Debug|x64.Build.0 = Debug|Any CPU
		{BA8E104B-9266-4EDA-ACA9-DB0F297F32CE}.Debug|x86.ActiveCfg = Debug|Any CPU
		{BA8E104B-9266-4EDA-ACA9-DB0F297F32CE}.Debug|x86.Build.0 = Debug|Any CPU
		{BA8E104B-9266-4EDA-ACA9-DB0F297F32CE}.Release|Any CPU.ActiveCfg = Release|Any CPU
		{BA8E104B-9266-4EDA-ACA9-DB0F297F32CE}.Release|Any CPU.Build.0 = Release|Any CPU
		{BA8E104B-9266-4EDA-ACA9-DB0F297F32CE}.Release|ARM.ActiveCfg = Release|Any CPU
		{BA8E104B-9266-4EDA-ACA9-DB0F297F32CE}.Release|ARM.Build.0 = Release|Any CPU
		{BA8E104B-9266-4EDA-ACA9-DB0F297F32CE}.Release|iPhone.ActiveCfg = Release|Any CPU
		{BA8E104B-9266-4EDA-ACA9-DB0F297F32CE}.Release|iPhone.Build.0 = Release|Any CPU
		{BA8E104B-9266-4EDA-ACA9-DB0F297F32CE}.Release|iPhoneSimulator.ActiveCfg = Release|Any CPU
		{BA8E104B-9266-4EDA-ACA9-DB0F297F32CE}.Release|iPhoneSimulator.Build.0 = Release|Any CPU
		{BA8E104B-9266-4EDA-ACA9-DB0F297F32CE}.Release|x64.ActiveCfg = Release|Any CPU
		{BA8E104B-9266-4EDA-ACA9-DB0F297F32CE}.Release|x64.Build.0 = Release|Any CPU
		{BA8E104B-9266-4EDA-ACA9-DB0F297F32CE}.Release|x86.ActiveCfg = Release|Any CPU
		{BA8E104B-9266-4EDA-ACA9-DB0F297F32CE}.Release|x86.Build.0 = Release|Any CPU
		{FB817EF5-C2F1-493D-B65C-9596425BC6F3}.Ad-Hoc|Any CPU.ActiveCfg = Debug|Any CPU
		{FB817EF5-C2F1-493D-B65C-9596425BC6F3}.Ad-Hoc|Any CPU.Build.0 = Debug|Any CPU
		{FB817EF5-C2F1-493D-B65C-9596425BC6F3}.Ad-Hoc|ARM.ActiveCfg = Debug|Any CPU
		{FB817EF5-C2F1-493D-B65C-9596425BC6F3}.Ad-Hoc|ARM.Build.0 = Debug|Any CPU
		{FB817EF5-C2F1-493D-B65C-9596425BC6F3}.Ad-Hoc|iPhone.ActiveCfg = Debug|Any CPU
		{FB817EF5-C2F1-493D-B65C-9596425BC6F3}.Ad-Hoc|iPhone.Build.0 = Debug|Any CPU
		{FB817EF5-C2F1-493D-B65C-9596425BC6F3}.Ad-Hoc|iPhoneSimulator.ActiveCfg = Debug|Any CPU
		{FB817EF5-C2F1-493D-B65C-9596425BC6F3}.Ad-Hoc|iPhoneSimulator.Build.0 = Debug|Any CPU
		{FB817EF5-C2F1-493D-B65C-9596425BC6F3}.Ad-Hoc|x64.ActiveCfg = Debug|Any CPU
		{FB817EF5-C2F1-493D-B65C-9596425BC6F3}.Ad-Hoc|x64.Build.0 = Debug|Any CPU
		{FB817EF5-C2F1-493D-B65C-9596425BC6F3}.Ad-Hoc|x86.ActiveCfg = Debug|Any CPU
		{FB817EF5-C2F1-493D-B65C-9596425BC6F3}.Ad-Hoc|x86.Build.0 = Debug|Any CPU
		{FB817EF5-C2F1-493D-B65C-9596425BC6F3}.AppStore|Any CPU.ActiveCfg = Debug|Any CPU
		{FB817EF5-C2F1-493D-B65C-9596425BC6F3}.AppStore|Any CPU.Build.0 = Debug|Any CPU
		{FB817EF5-C2F1-493D-B65C-9596425BC6F3}.AppStore|ARM.ActiveCfg = Debug|Any CPU
		{FB817EF5-C2F1-493D-B65C-9596425BC6F3}.AppStore|ARM.Build.0 = Debug|Any CPU
		{FB817EF5-C2F1-493D-B65C-9596425BC6F3}.AppStore|iPhone.ActiveCfg = Debug|Any CPU
		{FB817EF5-C2F1-493D-B65C-9596425BC6F3}.AppStore|iPhone.Build.0 = Debug|Any CPU
		{FB817EF5-C2F1-493D-B65C-9596425BC6F3}.AppStore|iPhoneSimulator.ActiveCfg = Debug|Any CPU
		{FB817EF5-C2F1-493D-B65C-9596425BC6F3}.AppStore|iPhoneSimulator.Build.0 = Debug|Any CPU
		{FB817EF5-C2F1-493D-B65C-9596425BC6F3}.AppStore|x64.ActiveCfg = Debug|Any CPU
		{FB817EF5-C2F1-493D-B65C-9596425BC6F3}.AppStore|x64.Build.0 = Debug|Any CPU
		{FB817EF5-C2F1-493D-B65C-9596425BC6F3}.AppStore|x86.ActiveCfg = Debug|Any CPU
		{FB817EF5-C2F1-493D-B65C-9596425BC6F3}.AppStore|x86.Build.0 = Debug|Any CPU
		{FB817EF5-C2F1-493D-B65C-9596425BC6F3}.Debug|Any CPU.ActiveCfg = Debug|Any CPU
		{FB817EF5-C2F1-493D-B65C-9596425BC6F3}.Debug|Any CPU.Build.0 = Debug|Any CPU
		{FB817EF5-C2F1-493D-B65C-9596425BC6F3}.Debug|ARM.ActiveCfg = Debug|Any CPU
		{FB817EF5-C2F1-493D-B65C-9596425BC6F3}.Debug|ARM.Build.0 = Debug|Any CPU
		{FB817EF5-C2F1-493D-B65C-9596425BC6F3}.Debug|iPhone.ActiveCfg = Debug|Any CPU
		{FB817EF5-C2F1-493D-B65C-9596425BC6F3}.Debug|iPhone.Build.0 = Debug|Any CPU
		{FB817EF5-C2F1-493D-B65C-9596425BC6F3}.Debug|iPhoneSimulator.ActiveCfg = Debug|Any CPU
		{FB817EF5-C2F1-493D-B65C-9596425BC6F3}.Debug|iPhoneSimulator.Build.0 = Debug|Any CPU
		{FB817EF5-C2F1-493D-B65C-9596425BC6F3}.Debug|x64.ActiveCfg = Debug|Any CPU
		{FB817EF5-C2F1-493D-B65C-9596425BC6F3}.Debug|x64.Build.0 = Debug|Any CPU
		{FB817EF5-C2F1-493D-B65C-9596425BC6F3}.Debug|x86.ActiveCfg = Debug|Any CPU
		{FB817EF5-C2F1-493D-B65C-9596425BC6F3}.Debug|x86.Build.0 = Debug|Any CPU
		{FB817EF5-C2F1-493D-B65C-9596425BC6F3}.Release|Any CPU.ActiveCfg = Release|Any CPU
		{FB817EF5-C2F1-493D-B65C-9596425BC6F3}.Release|Any CPU.Build.0 = Release|Any CPU
		{FB817EF5-C2F1-493D-B65C-9596425BC6F3}.Release|ARM.ActiveCfg = Release|Any CPU
		{FB817EF5-C2F1-493D-B65C-9596425BC6F3}.Release|ARM.Build.0 = Release|Any CPU
		{FB817EF5-C2F1-493D-B65C-9596425BC6F3}.Release|iPhone.ActiveCfg = Release|Any CPU
		{FB817EF5-C2F1-493D-B65C-9596425BC6F3}.Release|iPhone.Build.0 = Release|Any CPU
		{FB817EF5-C2F1-493D-B65C-9596425BC6F3}.Release|iPhoneSimulator.ActiveCfg = Release|Any CPU
		{FB817EF5-C2F1-493D-B65C-9596425BC6F3}.Release|iPhoneSimulator.Build.0 = Release|Any CPU
		{FB817EF5-C2F1-493D-B65C-9596425BC6F3}.Release|x64.ActiveCfg = Release|Any CPU
		{FB817EF5-C2F1-493D-B65C-9596425BC6F3}.Release|x64.Build.0 = Release|Any CPU
		{FB817EF5-C2F1-493D-B65C-9596425BC6F3}.Release|x86.ActiveCfg = Release|Any CPU
		{FB817EF5-C2F1-493D-B65C-9596425BC6F3}.Release|x86.Build.0 = Release|Any CPU
	EndGlobalSection
	GlobalSection(SolutionProperties) = preSolution
		HideSolutionNode = FALSE
	EndGlobalSection
	GlobalSection(ExtensibilityGlobals) = postSolution
		SolutionGuid = {8821894B-E068-4C74-B598-EAC72C5F2915}
	EndGlobalSection
EndGlobal
