
Microsoft Visual Studio Solution File, Format Version 12.00
# Visual Studio Version 16
VisualStudioVersion = 16.0.28803.156
MinimumVisualStudioVersion = 10.0.40219.1
Project("{FAE04EC0-301F-11D3-BF4B-00C04F79EFBC}") = "Example.FormsApp.Android", "Example.FormsApp\Example.FormsApp.Android\Example.FormsApp.Android.csproj", "{14AFB7D8-44DF-47EA-89EB-7964D5052BC6}"
EndProject
Project("{FAE04EC0-301F-11D3-BF4B-00C04F79EFBC}") = "Example.FormsApp.iOS", "Example.FormsApp\Example.FormsApp.iOS\Example.FormsApp.iOS.csproj", "{AA31AE68-3CCC-4CC6-BAAB-1A06B05A1C4B}"
EndProject
Project("{9A19103F-16F7-4668-BE54-9A1E7A4F7556}") = "Example.FormsApp", "Example.FormsApp\Example.FormsApp\Example.FormsApp.csproj", "{733D40FA-04C3-44D4-BFF8-010D940C0A10}"
EndProject
Global
	GlobalSection(SolutionConfigurationPlatforms) = preSolution
		Debug|Any CPU = Debug|Any CPU
		Debug|iPhone = Debug|iPhone
		Debug|iPhoneSimulator = Debug|iPhoneSimulator
		Release|Any CPU = Release|Any CPU
		Release|iPhone = Release|iPhone
		Release|iPhoneSimulator = Release|iPhoneSimulator
	EndGlobalSection
	GlobalSection(ProjectConfigurationPlatforms) = postSolution
		{14AFB7D8-44DF-47EA-89EB-7964D5052BC6}.Debug|Any CPU.ActiveCfg = Debug|Any CPU
		{14AFB7D8-44DF-47EA-89EB-7964D5052BC6}.Debug|Any CPU.Build.0 = Debug|Any CPU
		{14AFB7D8-44DF-47EA-89EB-7964D5052BC6}.Debug|Any CPU.Deploy.0 = Debug|Any CPU
		{14AFB7D8-44DF-47EA-89EB-7964D5052BC6}.Debug|iPhone.ActiveCfg = Debug|Any CPU
		{14AFB7D8-44DF-47EA-89EB-7964D5052BC6}.Debug|iPhone.Build.0 = Debug|Any CPU
		{14AFB7D8-44DF-47EA-89EB-7964D5052BC6}.Debug|iPhone.Deploy.0 = Debug|Any CPU
		{14AFB7D8-44DF-47EA-89EB-7964D5052BC6}.Debug|iPhoneSimulator.ActiveCfg = Debug|Any CPU
		{14AFB7D8-44DF-47EA-89EB-7964D5052BC6}.Debug|iPhoneSimulator.Build.0 = Debug|Any CPU
		{14AFB7D8-44DF-47EA-89EB-7964D5052BC6}.Debug|iPhoneSimulator.Deploy.0 = Debug|Any CPU
		{14AFB7D8-44DF-47EA-89EB-7964D5052BC6}.Release|Any CPU.ActiveCfg = Release|Any CPU
		{14AFB7D8-44DF-47EA-89EB-7964D5052BC6}.Release|Any CPU.Build.0 = Release|Any CPU
		{14AFB7D8-44DF-47EA-89EB-7964D5052BC6}.Release|Any CPU.Deploy.0 = Release|Any CPU
		{14AFB7D8-44DF-47EA-89EB-7964D5052BC6}.Release|iPhone.ActiveCfg = Release|Any CPU
		{14AFB7D8-44DF-47EA-89EB-7964D5052BC6}.Release|iPhone.Build.0 = Release|Any CPU
		{14AFB7D8-44DF-47EA-89EB-7964D5052BC6}.Release|iPhone.Deploy.0 = Release|Any CPU
		{14AFB7D8-44DF-47EA-89EB-7964D5052BC6}.Release|iPhoneSimulator.ActiveCfg = Release|Any CPU
		{14AFB7D8-44DF-47EA-89EB-7964D5052BC6}.Release|iPhoneSimulator.Build.0 = Release|Any CPU
		{14AFB7D8-44DF-47EA-89EB-7964D5052BC6}.Release|iPhoneSimulator.Deploy.0 = Release|Any CPU
		{AA31AE68-3CCC-4CC6-BAAB-1A06B05A1C4B}.Debug|Any CPU.ActiveCfg = Debug|iPhoneSimulator
		{AA31AE68-3CCC-4CC6-BAAB-1A06B05A1C4B}.Debug|Any CPU.Build.0 = Debug|iPhoneSimulator
		{AA31AE68-3CCC-4CC6-BAAB-1A06B05A1C4B}.Debug|Any CPU.Deploy.0 = Debug|iPhoneSimulator
		{AA31AE68-3CCC-4CC6-BAAB-1A06B05A1C4B}.Debug|iPhone.ActiveCfg = Debug|iPhone
		{AA31AE68-3CCC-4CC6-BAAB-1A06B05A1C4B}.Debug|iPhone.Build.0 = Debug|iPhone
		{AA31AE68-3CCC-4CC6-BAAB-1A06B05A1C4B}.Debug|iPhone.Deploy.0 = Debug|iPhone
		{AA31AE68-3CCC-4CC6-BAAB-1A06B05A1C4B}.Debug|iPhoneSimulator.ActiveCfg = Debug|iPhoneSimulator
		{AA31AE68-3CCC-4CC6-BAAB-1A06B05A1C4B}.Debug|iPhoneSimulator.Build.0 = Debug|iPhoneSimulator
		{AA31AE68-3CCC-4CC6-BAAB-1A06B05A1C4B}.Debug|iPhoneSimulator.Deploy.0 = Debug|iPhoneSimulator
		{AA31AE68-3CCC-4CC6-BAAB-1A06B05A1C4B}.Release|Any CPU.ActiveCfg = Release|iPhone
		{AA31AE68-3CCC-4CC6-BAAB-1A06B05A1C4B}.Release|Any CPU.Build.0 = Release|iPhone
		{AA31AE68-3CCC-4CC6-BAAB-1A06B05A1C4B}.Release|Any CPU.Deploy.0 = Release|iPhone
		{AA31AE68-3CCC-4CC6-BAAB-1A06B05A1C4B}.Release|iPhone.ActiveCfg = Release|iPhone
		{AA31AE68-3CCC-4CC6-BAAB-1A06B05A1C4B}.Release|iPhone.Build.0 = Release|iPhone
		{AA31AE68-3CCC-4CC6-BAAB-1A06B05A1C4B}.Release|iPhone.Deploy.0 = Release|iPhone
		{AA31AE68-3CCC-4CC6-BAAB-1A06B05A1C4B}.Release|iPhoneSimulator.ActiveCfg = Release|iPhoneSimulator
		{AA31AE68-3CCC-4CC6-BAAB-1A06B05A1C4B}.Release|iPhoneSimulator.Build.0 = Release|iPhoneSimulator
		{AA31AE68-3CCC-4CC6-BAAB-1A06B05A1C4B}.Release|iPhoneSimulator.Deploy.0 = Release|iPhoneSimulator
		{733D40FA-04C3-44D4-BFF8-010D940C0A10}.Debug|Any CPU.ActiveCfg = Debug|Any CPU
		{733D40FA-04C3-44D4-BFF8-010D940C0A10}.Debug|Any CPU.Build.0 = Debug|Any CPU
		{733D40FA-04C3-44D4-BFF8-010D940C0A10}.Debug|Any CPU.Deploy.0 = Debug|Any CPU
		{733D40FA-04C3-44D4-BFF8-010D940C0A10}.Debug|iPhone.ActiveCfg = Debug|Any CPU
		{733D40FA-04C3-44D4-BFF8-010D940C0A10}.Debug|iPhone.Build.0 = Debug|Any CPU
		{733D40FA-04C3-44D4-BFF8-010D940C0A10}.Debug|iPhone.Deploy.0 = Debug|Any CPU
		{733D40FA-04C3-44D4-BFF8-010D940C0A10}.Debug|iPhoneSimulator.ActiveCfg = Debug|Any CPU
		{733D40FA-04C3-44D4-BFF8-010D940C0A10}.Debug|iPhoneSimulator.Build.0 = Debug|Any CPU
		{733D40FA-04C3-44D4-BFF8-010D940C0A10}.Debug|iPhoneSimulator.Deploy.0 = Debug|Any CPU
		{733D40FA-04C3-44D4-BFF8-010D940C0A10}.Release|Any CPU.ActiveCfg = Release|Any CPU
		{733D40FA-04C3-44D4-BFF8-010D940C0A10}.Release|Any CPU.Build.0 = Release|Any CPU
		{733D40FA-04C3-44D4-BFF8-010D940C0A10}.Release|Any CPU.Deploy.0 = Release|Any CPU
		{733D40FA-04C3-44D4-BFF8-010D940C0A10}.Release|iPhone.ActiveCfg = Release|Any CPU
		{733D40FA-04C3-44D4-BFF8-010D940C0A10}.Release|iPhone.Build.0 = Release|Any CPU
		{733D40FA-04C3-44D4-BFF8-010D940C0A10}.Release|iPhone.Deploy.0 = Release|Any CPU
		{733D40FA-04C3-44D4-BFF8-010D940C0A10}.Release|iPhoneSimulator.ActiveCfg = Release|Any CPU
		{733D40FA-04C3-44D4-BFF8-010D940C0A10}.Release|iPhoneSimulator.Build.0 = Release|Any CPU
		{733D40FA-04C3-44D4-BFF8-010D940C0A10}.Release|iPhoneSimulator.Deploy.0 = Release|Any CPU
	EndGlobalSection
	GlobalSection(SolutionProperties) = preSolution
		HideSolutionNode = FALSE
	EndGlobalSection
	GlobalSection(ExtensibilityGlobals) = postSolution
		SolutionGuid = {6A3C975C-B345-431D-B7D7-1B7E2A92A1AB}
	EndGlobalSection
EndGlobal
