
Microsoft Visual Studio Solution File, Format Version 12.00
# Visual Studio 15
VisualStudioVersion = 15.0.27703.2026
MinimumVisualStudioVersion = 10.0.40219.1
Project("{9A19103F-16F7-4668-BE54-9A1E7A4F7556}") = "Example.WebApplication", "Example.WebApplication\Example.WebApplication.csproj", "{268EB8F7-4C72-4BEC-B362-F0E3B96AAEF4}"
EndProject
Project("{9A19103F-16F7-4668-BE54-9A1E7A4F7556}") = "Smart.Resolver", "..\Smart.Resolver\Smart.Resolver.csproj", "{12962A72-ED14-4792-B565-6F1F091CAC93}"
EndProject
Project("{9A19103F-16F7-4668-BE54-9A1E7A4F7556}") = "Smart.Resolver.AspNetCore", "..\Smart.Resolver.AspNetCore\Smart.Resolver.AspNetCore.csproj", "{333F3BE5-DDE1-4DEA-88A9-CE05BDA184A9}"
EndProject
Project("{2150E333-8FDC-42A3-9474-1A3956D46DE8}") = "Solution Items", "Solution Items", "{34031814-4921-4C8D-9106-252C7901CFE8}"
	ProjectSection(SolutionItems) = preProject
		Example.WebApplication.sln.DotSettings = Example.WebApplication.sln.DotSettings
	EndProjectSection
EndProject
Global
	GlobalSection(SolutionConfigurationPlatforms) = preSolution
		Debug|Any CPU = Debug|Any CPU
		Release|Any CPU = Release|Any CPU
	EndGlobalSection
	GlobalSection(ProjectConfigurationPlatforms) = postSolution
		{268EB8F7-4C72-4BEC-B362-F0E3B96AAEF4}.Debug|Any CPU.ActiveCfg = Debug|Any CPU
		{268EB8F7-4C72-4BEC-B362-F0E3B96AAEF4}.Debug|Any CPU.Build.0 = Debug|Any CPU
		{268EB8F7-4C72-4BEC-B362-F0E3B96AAEF4}.Release|Any CPU.ActiveCfg = Release|Any CPU
		{268EB8F7-4C72-4BEC-B362-F0E3B96AAEF4}.Release|Any CPU.Build.0 = Release|Any CPU
		{12962A72-ED14-4792-B565-6F1F091CAC93}.Debug|Any CPU.ActiveCfg = Debug|Any CPU
		{12962A72-ED14-4792-B565-6F1F091CAC93}.Debug|Any CPU.Build.0 = Debug|Any CPU
		{12962A72-ED14-4792-B565-6F1F091CAC93}.Release|Any CPU.ActiveCfg = Release|Any CPU
		{12962A72-ED14-4792-B565-6F1F091CAC93}.Release|Any CPU.Build.0 = Release|Any CPU
		{333F3BE5-DDE1-4DEA-88A9-CE05BDA184A9}.Debug|Any CPU.ActiveCfg = Debug|Any CPU
		{333F3BE5-DDE1-4DEA-88A9-CE05BDA184A9}.Debug|Any CPU.Build.0 = Debug|Any CPU
		{333F3BE5-DDE1-4DEA-88A9-CE05BDA184A9}.Release|Any CPU.ActiveCfg = Release|Any CPU
		{333F3BE5-DDE1-4DEA-88A9-CE05BDA184A9}.Release|Any CPU.Build.0 = Release|Any CPU
	EndGlobalSection
	GlobalSection(SolutionProperties) = preSolution
		HideSolutionNode = FALSE
	EndGlobalSection
	GlobalSection(ExtensibilityGlobals) = postSolution
		SolutionGuid = {6A7CC611-808F-47E1-8A84-DA04525B9ED9}
	EndGlobalSection
EndGlobal
