
Microsoft Visual Studio Solution File, Format Version 12.00
# Visual Studio 15
VisualStudioVersion = 15.0.27130.2010
MinimumVisualStudioVersion = 10.0.40219.1
Project("{FAE04EC0-301F-11D3-BF4B-00C04F79EFBC}") = "RequestKeyBenchmark", "RequestKeyBenchmark\RequestKeyBenchmark.csproj", "{48E7B23D-60B8-4EB1-9309-D1566C359879}"
EndProject
Global
	GlobalSection(SolutionConfigurationPlatforms) = preSolution
		Debug|Any CPU = Debug|Any CPU
		Release|Any CPU = Release|Any CPU
	EndGlobalSection
	GlobalSection(ProjectConfigurationPlatforms) = postSolution
		{48E7B23D-60B8-4EB1-9309-D1566C359879}.Debug|Any CPU.ActiveCfg = Debug|Any CPU
		{48E7B23D-60B8-4EB1-9309-D1566C359879}.Debug|Any CPU.Build.0 = Debug|Any CPU
		{48E7B23D-60B8-4EB1-9309-D1566C359879}.Release|Any CPU.ActiveCfg = Release|Any CPU
		{48E7B23D-60B8-4EB1-9309-D1566C359879}.Release|Any CPU.Build.0 = Release|Any CPU
	EndGlobalSection
	GlobalSection(SolutionProperties) = preSolution
		HideSolutionNode = FALSE
	EndGlobalSection
	GlobalSection(ExtensibilityGlobals) = postSolution
		SolutionGuid = {827EDADE-09A6-4DCF-83D6-B1C688E7FCFA}
	EndGlobalSection
EndGlobal
