
Microsoft Visual Studio Solution File, Format Version 12.00
# Visual Studio Version 16
VisualStudioVersion = 16.0.28803.202
MinimumVisualStudioVersion = 10.0.40219.1
Project("{FAE04EC0-301F-11D3-BF4B-00C04F79EFBC}") = "NewBuilderWork", "NewBuilderWork\NewBuilderWork.csproj", "{71CFC6B2-2CAB-4185-A852-2121280C95A8}"
EndProject
Project("{FAE04EC0-301F-11D3-BF4B-00C04F79EFBC}") = "NewBuilderLib", "NewBuilderLib\NewBuilderLib.csproj", "{7A177FCE-E788-4734-AA23-CC2B57EEE5C3}"
EndProject
Global
	GlobalSection(SolutionConfigurationPlatforms) = preSolution
		Debug|Any CPU = Debug|Any CPU
		Release|Any CPU = Release|Any CPU
	EndGlobalSection
	GlobalSection(ProjectConfigurationPlatforms) = postSolution
		{71CFC6B2-2CAB-4185-A852-2121280C95A8}.Debug|Any CPU.ActiveCfg = Debug|Any CPU
		{71CFC6B2-2CAB-4185-A852-2121280C95A8}.Debug|Any CPU.Build.0 = Debug|Any CPU
		{71CFC6B2-2CAB-4185-A852-2121280C95A8}.Release|Any CPU.ActiveCfg = Release|Any CPU
		{71CFC6B2-2CAB-4185-A852-2121280C95A8}.Release|Any CPU.Build.0 = Release|Any CPU
		{7A177FCE-E788-4734-AA23-CC2B57EEE5C3}.Debug|Any CPU.ActiveCfg = Debug|Any CPU
		{7A177FCE-E788-4734-AA23-CC2B57EEE5C3}.Debug|Any CPU.Build.0 = Debug|Any CPU
		{7A177FCE-E788-4734-AA23-CC2B57EEE5C3}.Release|Any CPU.ActiveCfg = Release|Any CPU
		{7A177FCE-E788-4734-AA23-CC2B57EEE5C3}.Release|Any CPU.Build.0 = Release|Any CPU
	EndGlobalSection
	GlobalSection(SolutionProperties) = preSolution
		HideSolutionNode = FALSE
	EndGlobalSection
	GlobalSection(ExtensibilityGlobals) = postSolution
		SolutionGuid = {7E6877F6-EBBE-4007-A52A-A4978230689F}
	EndGlobalSection
EndGlobal
