
Microsoft Visual Studio Solution File, Format Version 12.00
# Visual Studio 15
VisualStudioVersion = 15.0.27130.2003
MinimumVisualStudioVersion = 10.0.40219.1
Project("{FAE04EC0-301F-11D3-BF4B-00C04F79EFBC}") = "WorkFactoryResolver", "WorkFactoryResolver\WorkFactoryResolver.csproj", "{9C33A950-70C7-4CAC-8E0C-9F780F546417}"
EndProject
Global
	GlobalSection(SolutionConfigurationPlatforms) = preSolution
		Debug|Any CPU = Debug|Any CPU
		Release|Any CPU = Release|Any CPU
	EndGlobalSection
	GlobalSection(ProjectConfigurationPlatforms) = postSolution
		{9C33A950-70C7-4CAC-8E0C-9F780F546417}.Debug|Any CPU.ActiveCfg = Debug|Any CPU
		{9C33A950-70C7-4CAC-8E0C-9F780F546417}.Debug|Any CPU.Build.0 = Debug|Any CPU
		{9C33A950-70C7-4CAC-8E0C-9F780F546417}.Release|Any CPU.ActiveCfg = Release|Any CPU
		{9C33A950-70C7-4CAC-8E0C-9F780F546417}.Release|Any CPU.Build.0 = Release|Any CPU
	EndGlobalSection
	GlobalSection(SolutionProperties) = preSolution
		HideSolutionNode = FALSE
	EndGlobalSection
	GlobalSection(ExtensibilityGlobals) = postSolution
		SolutionGuid = {50673C43-CA6E-4B2A-B494-1BC18139CDFB}
	EndGlobalSection
EndGlobal
