
Microsoft Visual Studio Solution File, Format Version 12.00
# Visual Studio 15
VisualStudioVersion = 15.0.27130.2027
MinimumVisualStudioVersion = 10.0.40219.1
Project("{9A19103F-16F7-4668-BE54-9A1E7A4F7556}") = "PerformanceBenchmark", "PerformanceBenchmark\PerformanceBenchmark.csproj", "{C6371C9B-9C33-4F8C-924E-55325EC6F48E}"
EndProject
Project("{2150E333-8FDC-42A3-9474-1A3956D46DE8}") = "Solution Items", "Solution Items", "{1426DB93-07DC-482C-A43F-7C69B509C489}"
	ProjectSection(SolutionItems) = preProject
		Readme.md = Readme.md
	EndProjectSection
EndProject
Project("{9A19103F-16F7-4668-BE54-9A1E7A4F7556}") = "Smart.Resolver", "..\..\Smart.Resolver\Smart.Resolver.csproj", "{EF5EE082-B172-4F3E-AE00-B968C186648A}"
EndProject
Global
	GlobalSection(Performance) = preSolution
		HasPerformanceSessions = true
	EndGlobalSection
	GlobalSection(SolutionConfigurationPlatforms) = preSolution
		Debug|Any CPU = Debug|Any CPU
		Release|Any CPU = Release|Any CPU
	EndGlobalSection
	GlobalSection(ProjectConfigurationPlatforms) = postSolution
		{C6371C9B-9C33-4F8C-924E-55325EC6F48E}.Debug|Any CPU.ActiveCfg = Debug|Any CPU
		{C6371C9B-9C33-4F8C-924E-55325EC6F48E}.Debug|Any CPU.Build.0 = Debug|Any CPU
		{C6371C9B-9C33-4F8C-924E-55325EC6F48E}.Release|Any CPU.ActiveCfg = Release|Any CPU
		{C6371C9B-9C33-4F8C-924E-55325EC6F48E}.Release|Any CPU.Build.0 = Release|Any CPU
		{EF5EE082-B172-4F3E-AE00-B968C186648A}.Debug|Any CPU.ActiveCfg = Debug|Any CPU
		{EF5EE082-B172-4F3E-AE00-B968C186648A}.Debug|Any CPU.Build.0 = Debug|Any CPU
		{EF5EE082-B172-4F3E-AE00-B968C186648A}.Release|Any CPU.ActiveCfg = Release|Any CPU
		{EF5EE082-B172-4F3E-AE00-B968C186648A}.Release|Any CPU.Build.0 = Release|Any CPU
	EndGlobalSection
	GlobalSection(SolutionProperties) = preSolution
		HideSolutionNode = FALSE
	EndGlobalSection
	GlobalSection(ExtensibilityGlobals) = postSolution
		SolutionGuid = {7B805D03-CE6B-4951-9FA1-0C80118984E3}
	EndGlobalSection
EndGlobal
