
Microsoft Visual Studio Solution File, Format Version 12.00
# Visual Studio Version 16
VisualStudioVersion = 16.0.28803.202
MinimumVisualStudioVersion = 10.0.40219.1
Project("{9A19103F-16F7-4668-BE54-9A1E7A4F7556}") = "NewDynamicFactoryBenchmark", "NewDynamicFactoryBenchmark\NewDynamicFactoryBenchmark.csproj", "{A0DC18E6-9370-4A6B-B85F-FD82F1B81723}"
EndProject
Project("{2150E333-8FDC-42A3-9474-1A3956D46DE8}") = "Solution Items", "Solution Items", "{8EC4D567-6164-488A-A8A8-5E722ABBE06C}"
	ProjectSection(SolutionItems) = preProject
		README.md = README.md
	EndProjectSection
EndProject
Global
	GlobalSection(SolutionConfigurationPlatforms) = preSolution
		Debug|Any CPU = Debug|Any CPU
		Release|Any CPU = Release|Any CPU
	EndGlobalSection
	GlobalSection(ProjectConfigurationPlatforms) = postSolution
		{A0DC18E6-9370-4A6B-B85F-FD82F1B81723}.Debug|Any CPU.ActiveCfg = Debug|Any CPU
		{A0DC18E6-9370-4A6B-B85F-FD82F1B81723}.Debug|Any CPU.Build.0 = Debug|Any CPU
		{A0DC18E6-9370-4A6B-B85F-FD82F1B81723}.Release|Any CPU.ActiveCfg = Release|Any CPU
		{A0DC18E6-9370-4A6B-B85F-FD82F1B81723}.Release|Any CPU.Build.0 = Release|Any CPU
	EndGlobalSection
	GlobalSection(SolutionProperties) = preSolution
		HideSolutionNode = FALSE
	EndGlobalSection
	GlobalSection(ExtensibilityGlobals) = postSolution
		SolutionGuid = {2C7A7DA8-0714-4827-BFC1-2327ABD9A580}
	EndGlobalSection
EndGlobal
